PATH
  remote: .
  specs:
    pg-erd (0.1.0)
      pg
      ruby-graphviz
      ruby-progressbar

GEM
  remote: https://rubygems.org/
  specs:
    pg (1.6.3)
    rexml (3.4.4)
    ruby-graphviz (1.2.5)
      rexml
    ruby-progressbar (1.13.0)

PLATFORMS
  ruby

DEPENDENCIES
  pg-erd!

BUNDLED WITH
   2.3.9
